{
  "name": "scripts",
  "version": "1.0.0",
  "lockfileVersion": 3,
  "requires": true,
  "packages": {
    "": {
      "name": "scripts",
      "version": "1.0.0",
      "license": "ISC",
      "dependencies": {
        "ts-fsrs": "^4.7.1"
      }
    },
    "node_modules/ts-fsrs": {
      "version": "4.7.1",
      "resolved": "https://registry.npmjs.org/ts-fsrs/-/ts-fsrs-4.7.1.tgz",
      "integrity": "sha512-uYqKbSCNWLRPT0PfqFFy2rn0YuYz2fKmtgpgHOBd5/DP14oj6diG7P271AwJ8iGrKnmIspzXCF+nTKxict+Lcg==",
      "license": "MIT",
      "engines": {
        "node": ">=18.0.0"
      }
    }
  }
}
